
Microsoft Visual Studio Solution File, Format Version 12.00
# Visual Studio 15
VisualStudioVersion = 15.0.27428.2043
MinimumVisualStudioVersion = 10.0.40219.1
Project("{FAE04EC0-301F-11D3-BF4B-00C04F79EFBC}") = "ExcelWebAddIn1", "ExcelWebAddIn1\ExcelWebAddIn1.csproj", "{5C8DD04D-0FC5-4C0A-B9CD-5A4F26C011BF}"
EndProject
Project("{FAE04EC0-301F-11D3-BF4B-00C04F79EFBC}") = "ExcelWebAddIn1Web", "ExcelWebAddIn1Web\ExcelWebAddIn1Web.csproj", "{E83682FA-E334-4DAE-9357-9D6EEF1F189C}"
EndProject
Global
	GlobalSection(SolutionConfigurationPlatforms) = preSolution
		Debug|Any CPU = Debug|Any CPU
		Release|Any CPU = Release|Any CPU
	EndGlobalSection
	GlobalSection(ProjectConfigurationPlatforms) = postSolution
		{5C8DD04D-0FC5-4C0A-B9CD-5A4F26C011BF}.Debug|Any CPU.ActiveCfg = Debug|Any CPU
		{5C8DD04D-0FC5-4C0A-B9CD-5A4F26C011BF}.Debug|Any CPU.Build.0 = Debug|Any CPU
		{5C8DD04D-0FC5-4C0A-B9CD-5A4F26C011BF}.Debug|Any CPU.Deploy.0 = Debug|Any CPU
		{5C8DD04D-0FC5-4C0A-B9CD-5A4F26C011BF}.Release|Any CPU.ActiveCfg = Release|Any CPU
		{5C8DD04D-0FC5-4C0A-B9CD-5A4F26C011BF}.Release|Any CPU.Build.0 = Release|Any CPU
		{5C8DD04D-0FC5-4C0A-B9CD-5A4F26C011BF}.Release|Any CPU.Deploy.0 = Release|Any CPU
		{E83682FA-E334-4DAE-9357-9D6EEF1F189C}.Debug|Any CPU.ActiveCfg = Debug|Any CPU
		{E83682FA-E334-4DAE-9357-9D6EEF1F189C}.Debug|Any CPU.Build.0 = Debug|Any CPU
		{E83682FA-E334-4DAE-9357-9D6EEF1F189C}.Release|Any CPU.ActiveCfg = Release|Any CPU
		{E83682FA-E334-4DAE-9357-9D6EEF1F189C}.Release|Any CPU.Build.0 = Release|Any CPU
	EndGlobalSection
	GlobalSection(SolutionProperties) = preSolution
		HideSolutionNode = FALSE
	EndGlobalSection
	GlobalSection(ExtensibilityGlobals) = postSolution
		SolutionGuid = {B6B5C159-9EE8-49E7-A262-289CFB1A23CF}
	EndGlobalSection
EndGlobal
